
Microsoft Visual Studio Solution File, Format Version 12.00
# Visual Studio Version 17
VisualStudioVersion = 17.3.32901.215
MinimumVisualStudioVersion = 10.0.40219.1
Project("{9A19103F-16F7-4668-BE54-9A1E7A4F7556}") = "Pokedex", "Pokedex\Pokedex.csproj", "{A04456C7-8C37-494D-9743-5CD2293A235E}"
EndProject
Project("{9A19103F-16F7-4668-BE54-9A1E7A4F7556}") = "Database", "Database\Database.csproj", "{5F1C32F7-E6D4-4AAA-852C-5169E133487B}"
EndProject
Project("{FAE04EC0-301F-11D3-BF4B-00C04F79EFBC}") = "Application", "Application\Application.csproj", "{E857B28C-AB37-4B5C-8520-D63B78BAB035}"
EndProject
Global
	GlobalSection(SolutionConfigurationPlatforms) = preSolution
		Debug|Any CPU = Debug|Any CPU
		Release|Any CPU = Release|Any CPU
	EndGlobalSection
	GlobalSection(ProjectConfigurationPlatforms) = postSolution
		{A04456C7-8C37-494D-9743-5CD2293A235E}.Debug|Any CPU.ActiveCfg = Debug|Any CPU
		{A04456C7-8C37-494D-9743-5CD2293A235E}.Debug|Any CPU.Build.0 = Debug|Any CPU
		{A04456C7-8C37-494D-9743-5CD2293A235E}.Release|Any CPU.ActiveCfg = Release|Any CPU
		{A04456C7-8C37-494D-9743-5CD2293A235E}.Release|Any CPU.Build.0 = Release|Any CPU
		{5F1C32F7-E6D4-4AAA-852C-5169E133487B}.Debug|Any CPU.ActiveCfg = Debug|Any CPU
		{5F1C32F7-E6D4-4AAA-852C-5169E133487B}.Debug|Any CPU.Build.0 = Debug|Any CPU
		{5F1C32F7-E6D4-4AAA-852C-5169E133487B}.Release|Any CPU.ActiveCfg = Release|Any CPU
		{5F1C32F7-E6D4-4AAA-852C-5169E133487B}.Release|Any CPU.Build.0 = Release|Any CPU
		{E857B28C-AB37-4B5C-8520-D63B78BAB035}.Debug|Any CPU.ActiveCfg = Debug|Any CPU
		{E857B28C-AB37-4B5C-8520-D63B78BAB035}.Debug|Any CPU.Build.0 = Debug|Any CPU
		{E857B28C-AB37-4B5C-8520-D63B78BAB035}.Release|Any CPU.ActiveCfg = Release|Any CPU
		{E857B28C-AB37-4B5C-8520-D63B78BAB035}.Release|Any CPU.Build.0 = Release|Any CPU
	EndGlobalSection
	GlobalSection(SolutionProperties) = preSolution
		HideSolutionNode = FALSE
	EndGlobalSection
	GlobalSection(ExtensibilityGlobals) = postSolution
		SolutionGuid = {25A1FDB1-5D04-412E-B0B0-990DCB0EE5C4}
	EndGlobalSection
EndGlobal
